// !$*UTF8*$!
{
	archiveVersion = 1;
	classes = {
	};
	objectVersion = 48;
	objects = {

/* Begin PBXBuildFile section */
		3D3F6FB7205623E6008956AD /* AppDelegate.m in Sources */ = {isa = PBXBuildFile; fileRef = 3D3F6FB6205623E6008956AD /* AppDelegate.m */; };
		3D3F6FBA205623E6008956AD /* ViewController.m in Sources */ = {isa = PBXBuildFile; fileRef = 3D3F6FB9205623E6008956AD /* ViewController.m */; };
		3D3F6FBD205623E6008956AD /* Main.storyboard in Resources */ = {isa = PBXBuildFile; fileRef = 3D3F6FBB205623E6008956AD /* Main.storyboard */; };
		3D3F6FBF205623E6008956AD /* Assets.xcassets in Resources */ = {isa = PBXBuildFile; fileRef = 3D3F6FBE205623E6008956AD /* Assets.xcassets */; };
		3D3F6FC2205623E6008956AD /* LaunchScreen.storyboard in Resources */ = {isa = PBXBuildFile; fileRef = 3D3F6FC0205623E6008956AD /* LaunchScreen.storyboard */; };
		3D3F6FC5205623E6008956AD /* main.m in Sources */ = {isa = PBXBuildFile; fileRef = 3D3F6FC4205623E6008956AD /* main.m */; };
		3D3F6FD020562443008956AD /* MaskView.m in Sources */ = {isa = PBXBuildFile; fileRef = 3D3F6FCD20562443008956AD /* MaskView.m */; };
		3D3F6FD120562443008956AD /* MaskViewItem.m in Sources */ = {isa = PBXBuildFile; fileRef = 3D3F6FCF20562443008956AD /* MaskViewItem.m */; };
		3D3F6FD320562461008956AD /* three.jpg in Resources */ = {isa = PBXBuildFile; fileRef = 3D3F6FD220562460008956AD /* three.jpg */; };
		3D3F6FD520562469008956AD /* arrow.png in Resources */ = {isa = PBXBuildFile; fileRef = 3D3F6FD420562469008956AD /* arrow.png */; };
/* End PBXBuildFile section */

/* Begin PBXFileReference section */
		3D3F6FB2205623E6008956AD /* MaskView.app */ = {isa = PBXFileReference; explicitFileType = wrapper.application; includeInIndex = 0; path = MaskView.app; sourceTree = BUILT_PRODUCTS_DIR; };
		3D3F6FB5205623E6008956AD /* AppDelegate.h */ = {isa = PBXFileReference; lastKnownFileType = sourcecode.c.h; path = AppDelegate.h; sourceTree = "<group>"; };
		3D3F6FB6205623E6008956AD /* AppDelegate.m */ = {isa = PBXFileReference; lastKnownFileType = sourcecode.c.objc; path = AppDelegate.m; sourceTree = "<group>"; };
		3D3F6FB8205623E6008956AD /* ViewController.h */ = {isa = PBXFileReference; lastKnownFileType = sourcecode.c.h; path = ViewController.h; sourceTree = "<group>"; };
		3D3F6FB9205623E6008956AD /* ViewController.m */ = {isa = PBXFileReference; lastKnownFileType = sourcecode.c.objc; path = ViewController.m; sourceTree = "<group>"; };
		3D3F6FBC205623E6008956AD /* Base */ = {isa = PBXFileReference; lastKnownFileType = file.storyboard; name = Base; path = Base.lproj/Main.storyboard; sourceTree = "<group>"; };
		3D3F6FBE205623E6008956AD /* Assets.xcassets */ = {isa = PBXFileReference; lastKnownFileType = folder.assetcatalog; path = Assets.xcassets; sourceTree = "<group>"; };
		3D3F6FC1205623E6008956AD /* Base */ = {isa = PBXFileReference; lastKnownFileType = file.storyboard; name = Base; path = Base.lproj/LaunchScreen.storyboard; sourceTree = "<group>"; };
		3D3F6FC3205623E6008956AD /* Info.plist */ = {isa = PBXFileReference; lastKnownFileType = text.plist.xml; path = Info.plist; sourceTree = "<group>"; };
		3D3F6FC4205623E6008956AD /* main.m */ = {isa = PBXFileReference; lastKnownFileType = sourcecode.c.objc; path = main.m; sourceTree = "<group>"; };
		3D3F6FCC20562443008956AD /* MaskView.h */ = {isa = PBXFileReference; fileEncoding = 4; lastKnownFileType = sourcecode.c.h; path = MaskView.h; sourceTree = "<group>"; };
		3D3F6FCD20562443008956AD /* MaskView.m */ = {isa = PBXFileReference; fileEncoding = 4; lastKnownFileType = sourcecode.c.objc; path = MaskView.m; sourceTree = "<group>"; };
		3D3F6FCE20562443008956AD /* MaskViewItem.h */ = {isa = PBXFileReference; fileEncoding = 4; lastKnownFileType = sourcecode.c.h; path = MaskViewItem.h; sourceTree = "<group>"; };
		3D3F6FCF20562443008956AD /* MaskViewItem.m */ = {isa = PBXFileReference; fileEncoding = 4; lastKnownFileType = sourcecode.c.objc; path = MaskViewItem.m; sourceTree = "<group>"; };
		3D3F6FD220562460008956AD /* three.jpg */ = {isa = PBXFileReference; lastKnownFileType = image.jpeg; path = three.jpg; sourceTree = "<group>"; };
		3D3F6FD420562469008956AD /* arrow.png */ = {isa = PBXFileReference; lastKnownFileType = image.png; path = arrow.png; sourceTree = "<group>"; };
/* End PBXFileReference section */

/* Begin PBXFrameworksBuildPhase section */
		3D3F6FAF205623E6008956AD /* Frameworks */ = {
			isa = PBXFrameworksBuildPhase;
			buildActionMask = 2147483647;
			files = (
			);
			runOnlyForDeploymentPostprocessing = 0;
		};
/* End PBXFrameworksBuildPhase section */

/* Begin PBXGroup section */
		3D3F6FA9205623E6008956AD = {
			isa = PBXGroup;
			children = (
				3D3F6FB4205623E6008956AD /* MaskView */,
				3D3F6FB3205623E6008956AD /* Products */,
			);
			sourceTree = "<group>";
		};
		3D3F6FB3205623E6008956AD /* Products */ = {
			isa = PBXGroup;
			children = (
				3D3F6FB2205623E6008956AD /* MaskView.app */,
			);
			name = Products;
			sourceTree = "<group>";
		};
		3D3F6FB4205623E6008956AD /* MaskView */ = {
			isa = PBXGroup;
			children = (
				3D3F6FCB20562443008956AD /* MaskView */,
				3D3F6FB5205623E6008956AD /* AppDelegate.h */,
				3D3F6FB6205623E6008956AD /* AppDelegate.m */,
				3D3F6FB8205623E6008956AD /* ViewController.h */,
				3D3F6FB9205623E6008956AD /* ViewController.m */,
				3D3F6FBB205623E6008956AD /* Main.storyboard */,
				3D3F6FBE205623E6008956AD /* Assets.xcassets */,
				3D3F6FD420562469008956AD /* arrow.png */,
				3D3F6FD220562460008956AD /* three.jpg */,
				3D3F6FC0205623E6008956AD /* LaunchScreen.storyboard */,
				3D3F6FC3205623E6008956AD /* Info.plist */,
				3D3F6FC4205623E6008956AD /* main.m */,
			);
			path = MaskView;
			sourceTree = "<group>";
		};
		3D3F6FCB20562443008956AD /* MaskView */ = {
			isa = PBXGroup;
			children = (
				3D3F6FCC20562443008956AD /* MaskView.h */,
				3D3F6FCD20562443008956AD /* MaskView.m */,
				3D3F6FCE20562443008956AD /* MaskViewItem.h */,
				3D3F6FCF20562443008956AD /* MaskViewItem.m */,
			);
			path = MaskView;
			sourceTree = "<group>";
		};
/* End PBXGroup section */

/* Begin PBXNativeTarget section */
		3D3F6FB1205623E6008956AD /* MaskView */ = {
			isa = PBXNativeTarget;
			buildConfigurationList = 3D3F6FC8205623E6008956AD /* Build configuration list for PBXNativeTarget "MaskView" */;
			buildPhases = (
				3D3F6FAE205623E6008956AD /* Sources */,
				3D3F6FAF205623E6008956AD /* Frameworks */,
				3D3F6FB0205623E6008956AD /* Resources */,
			);
			buildRules = (
			);
			dependencies = (
			);
			name = MaskView;
			productName = MaskView;
			productReference = 3D3F6FB2205623E6008956AD /* MaskView.app */;
			productType = "com.apple.product-type.application";
		};
/* End PBXNativeTarget section */

/* Begin PBXProject section */
		3D3F6FAA205623E6008956AD /* Project object */ = {
			isa = PBXProject;
			attributes = {
				LastUpgradeCheck = 0910;
				ORGANIZATIONNAME = YaoMi;
				TargetAttributes = {
					3D3F6FB1205623E6008956AD = {
						CreatedOnToolsVersion = 9.1;
						ProvisioningStyle = Automatic;
					};
				};
			};
			buildConfigurationList = 3D3F6FAD205623E6008956AD /* Build configuration list for PBXProject "MaskView" */;
			compatibilityVersion = "Xcode 8.0";
			developmentRegion = en;
			hasScannedForEncodings = 0;
			knownRegions = (
				en,
				Base,
			);
			mainGroup = 3D3F6FA9205623E6008956AD;
			productRefGroup = 3D3F6FB3205623E6008956AD /* Products */;
			projectDirPath = "";
			projectRoot = "";
			targets = (
				3D3F6FB1205623E6008956AD /* MaskView */,
			);
		};
/* End PBXProject section */

/* Begin PBXResourcesBuildPhase section */
		3D3F6FB0205623E6008956AD /* Resources */ = {
			isa = PBXResourcesBuildPhase;
			buildActionMask = 2147483647;
			files = (
				3D3F6FD320562461008956AD /* three.jpg in Resources */,
				3D3F6FC2205623E6008956AD /* LaunchScreen.storyboard in Resources */,
				3D3F6FBF205623E6008956AD /* Assets.xcassets in Resources */,
				3D3F6FD520562469008956AD /* arrow.png in Resources */,
				3D3F6FBD205623E6008956AD /* Main.storyboard in Resources */,
			);
			runOnlyForDeploymentPostprocessing = 0;
		};
/* End PBXResourcesBuildPhase section */

/* Begin PBXSourcesBuildPhase section */
		3D3F6FAE205623E6008956AD /* Sources */ = {
			isa = PBXSourcesBuildPhase;
			buildActionMask = 2147483647;
			files = (
				3D3F6FD120562443008956AD /* MaskViewItem.m in Sources */,
				3D3F6FD020562443008956AD /* MaskView.m in Sources */,
				3D3F6FBA205623E6008956AD /* ViewController.m in Sources */,
				3D3F6FC5205623E6008956AD /* main.m in Sources */,
				3D3F6FB7205623E6008956AD /* AppDelegate.m in Sources */,
			);
			runOnlyForDeploymentPostprocessing = 0;
		};
/* End PBXSourcesBuildPhase section */

/* Begin PBXVariantGroup section */
		3D3F6FBB205623E6008956AD /* Main.storyboard */ = {
			isa = PBXVariantGroup;
			children = (
				3D3F6FBC205623E6008956AD /* Base */,
			);
			name = Main.storyboard;
			sourceTree = "<group>";
		};
		3D3F6FC0205623E6008956AD /* LaunchScreen.storyboard */ = {
			isa = PBXVariantGroup;
			children = (
				3D3F6FC1205623E6008956AD /* Base */,
			);
			name = LaunchScreen.storyboard;
			sourceTree = "<group>";
		};
/* End PBXVariantGroup section */

/* Begin XCBuildConfiguration section */
		3D3F6FC6205623E6008956AD /* Debug */ = {
			isa = XCBuildConfiguration;
			buildSettings = {
				ALWAYS_SEARCH_USER_PATHS = NO;
				CLANG_ANALYZER_NONNULL = YES;
				CLANG_ANALYZER_NUMBER_OBJECT_CONVERSION = YES_AGGRESSIVE;
				CLANG_CXX_LANGUAGE_STANDARD = "gnu++14";
				CLANG_CXX_LIBRARY = "libc++";
				CLANG_ENABLE_MODULES = YES;
				CLANG_ENABLE_OBJC_ARC = YES;
				CLANG_WARN_BLOCK_CAPTURE_AUTORELEASING = YES;
				CLANG_WARN_BOOL_CONVERSION = YES;
				CLANG_WARN_COMMA = YES;
				CLANG_WARN_CONSTANT_CONVERSION = YES;
				CLANG_WARN_DIRECT_OBJC_ISA_USAGE = YES_ERROR;
				CLANG_WARN_DOCUMENTATION_COMMENTS = YES;
				CLANG_WARN_EMPTY_BODY = YES;
				CLANG_WARN_ENUM_CONVERSION = YES;
				CLANG_WARN_INFINITE_RECURSION = YES;
				CLANG_WARN_INT_CONVERSION = YES;
				CLANG_WARN_NON_LITERAL_NULL_CONVERSION = YES;
				CLANG_WARN_OBJC_LITERAL_CONVERSION = YES;
				CLANG_WARN_OBJC_ROOT_CLASS = YES_ERROR;
				CLANG_WARN_RANGE_LOOP_ANALYSIS = YES;
				CLANG_WARN_STRICT_PROTOTYPES = YES;
				CLANG_WARN_SUSPICIOUS_MOVE = YES;
				CLANG_WARN_UNGUARDED_AVAILABILITY = YES_AGGRESSIVE;
				CLANG_WARN_UNREACHABLE_CODE = YES;
				CLANG_WARN__DUPLICATE_METHOD_MATCH = YES;
				CODE_SIGN_IDENTITY = "iPhone Developer";
				COPY_PHASE_STRIP = NO;
				DEBUG_INFORMATION_FORMAT = dwarf;
				ENABLE_STRICT_OBJC_MSGSEND = YES;
				ENABLE_TESTABILITY = YES;
				GCC_C_LANGUAGE_STANDARD = gnu11;
				GCC_DYNAMIC_NO_PIC = NO;
				GCC_NO_COMMON_BLOCKS = YES;
				GCC_OPTIMIZATION_LEVEL = 0;
				GCC_PREPROCESSOR_DEFINITIONS = (
					"DEBUG=1",
					"$(inherited)",
				);
				GCC_WARN_64_TO_32_BIT_CONVERSION = YES;
				GCC_WARN_ABOUT_RETURN_TYPE = YES_ERROR;
				GCC_WARN_UNDECLARED_SELECTOR = YES;
				GCC_WARN_UNINITIALIZED_AUTOS = YES_AGGRESSIVE;
				GCC_WARN_UNUSED_FUNCTION = YES;
				GCC_WARN_UNUSED_VARIABLE = YES;
				IPHONEOS_DEPLOYMENT_TARGET = 11.1;
				MTL_ENABLE_DEBUG_INFO = YES;
				ONLY_ACTIVE_ARCH = YES;
				SDKROOT = iphoneos;
			};
			name = Debug;
		};
		3D3F6FC7205623E6008956AD /* Release */ = {
			isa = XCBuildConfiguration;
			buildSettings = {
				ALWAYS_SEARCH_USER_PATHS = NO;
				CLANG_ANALYZER_NONNULL = YES;
				CLANG_ANALYZER_NUMBER_OBJECT_CONVERSION = YES_AGGRESSIVE;
				CLANG_CXX_LANGUAGE_STANDARD = "gnu++14";
				CLANG_CXX_LIBRARY = "libc++";
				CLANG_ENABLE_MODULES = YES;
				CLANG_ENABLE_OBJC_ARC = YES;
				CLANG_WARN_BLOCK_CAPTURE_AUTORELEASING = YES;
				CLANG_WARN_BOOL_CONVERSION = YES;
				CLANG_WARN_COMMA = YES;
				CLANG_WARN_CONSTANT_CONVERSION = YES;
				CLANG_WARN_DIRECT_OBJC_ISA_USAGE = YES_ERROR;
				CLANG_WARN_DOCUMENTATION_COMMENTS = YES;
				CLANG_WARN_EMPTY_BODY = YES;
				CLANG_WARN_ENUM_CONVERSION = YES;
				CLANG_WARN_INFINITE_RECURSION = YES;
				CLANG_WARN_INT_CONVERSION = YES;
				CLANG_WARN_NON_LITERAL_NULL_CONVERSION = YES;
				CLANG_WARN_OBJC_LITERAL_CONVERSION = YES;
				CLANG_WARN_OBJC_ROOT_CLASS = YES_ERROR;
				CLANG_WARN_RANGE_LOOP_ANALYSIS = YES;
				CLANG_WARN_STRICT_PROTOTYPES = YES;
				CLANG_WARN_SUSPICIOUS_MOVE = YES;
				CLANG_WARN_UNGUARDED_AVAILABILITY = YES_AGGRESSIVE;
				CLANG_WARN_UNREACHABLE_CODE = YES;
				CLANG_WARN__DUPLICATE_METHOD_MATCH = YES;
				CODE_SIGN_IDENTITY = "iPhone Developer";
				COPY_PHASE_STRIP = NO;
				DEBUG_INFORMATION_FORMAT = "dwarf-with-dsym";
				ENABLE_NS_ASSERTIONS = NO;
				ENABLE_STRICT_OBJC_MSGSEND = YES;
				GCC_C_LANGUAGE_STANDARD = gnu11;
				GCC_NO_COMMON_BLOCKS = YES;
				GCC_WARN_64_TO_32_BIT_CONVERSION = YES;
				GCC_WARN_ABOUT_RETURN_TYPE = YES_ERROR;
				GCC_WARN_UNDECLARED_SELECTOR = YES;
				GCC_WARN_UNINITIALIZED_AUTOS = YES_AGGRESSIVE;
				GCC_WARN_UNUSED_FUNCTION = YES;
				GCC_WARN_UNUSED_VARIABLE = YES;
				IPHONEOS_DEPLOYMENT_TARGET = 11.1;
				MTL_ENABLE_DEBUG_INFO = NO;
				SDKROOT = iphoneos;
				VALIDATE_PRODUCT = YES;
			};
			name = Release;
		};
		3D3F6FC9205623E6008956AD /* Debug */ = {
			isa = XCBuildConfiguration;
			buildSettings = {
				ASSETCATALOG_COMPILER_APPICON_NAME = AppIcon;
				CODE_SIGN_STYLE = Automatic;
				DEVELOPMENT_TEAM = 62D23N9D53;
				INFOPLIST_FILE = MaskView/Info.plist;
				LD_RUNPATH_SEARCH_PATHS = "$(inherited) @executable_path/Frameworks";
				PRODUCT_BUNDLE_IDENTIFIER = com.zhiliang.YDCoupon.MaskView;
				PRODUCT_NAME = "$(TARGET_NAME)";
				TARGETED_DEVICE_FAMILY = "1,2";
			};
			name = Debug;
		};
		3D3F6FCA205623E6008956AD /* Release */ = {
			isa = XCBuildConfiguration;
			buildSettings = {
				ASSETCATALOG_COMPILER_APPICON_NAME = AppIcon;
				CODE_SIGN_STYLE = Automatic;
				DEVELOPMENT_TEAM = 62D23N9D53;
				INFOPLIST_FILE = MaskView/Info.plist;
				LD_RUNPATH_SEARCH_PATHS = "$(inherited) @executable_path/Frameworks";
				PRODUCT_BUNDLE_IDENTIFIER = com.zhiliang.YDCoupon.MaskView;
				PRODUCT_NAME = "$(TARGET_NAME)";
				TARGETED_DEVICE_FAMILY = "1,2";
			};
			name = Release;
		};
/* End XCBuildConfiguration section */

/* Begin XCConfigurationList section */
		3D3F6FAD205623E6008956AD /* Build configuration list for PBXProject "MaskView" */ = {
			isa = XCConfigurationList;
			buildConfigurations = (
				3D3F6FC6205623E6008956AD /* Debug */,
				3D3F6FC7205623E6008956AD /* Release */,
			);
			defaultConfigurationIsVisible = 0;
			defaultConfigurationName = Release;
		};
		3D3F6FC8205623E6008956AD /* Build configuration list for PBXNativeTarget "MaskView" */ = {
			isa = XCConfigurationList;
			buildConfigurations = (
				3D3F6FC9205623E6008956AD /* Debug */,
				3D3F6FCA205623E6008956AD /* Release */,
			);
			defaultConfigurationIsVisible = 0;
			defaultConfigurationName = Release;
		};
/* End XCConfigurationList section */
	};
	rootObject = 3D3F6FAA205623E6008956AD /* Project object */;
}
